{
  "lockfile_version": "1",
  "packages": {
    "flyctl@0.2.17": {
      "last_modified": "2024-03-14T18:35:26Z",
      "resolved": "github:NixOS/nixpkgs/ca67f3cfc013e18fe95500840fb21ad748805fc6#flyctl",
      "source": "devbox-search",
      "version": "0.2.17",
      "systems": {
        "aarch64-darwin": {
          "outputs": [
            {
              "name": "out",
              "path": "/nix/store/vy626cm1x57k8h3ava7fbf9w204qjdd1-flyctl-0.2.17",
              "default": true
            }
          ],
          "store_path": "/nix/store/vy626cm1x57k8h3ava7fbf9w204qjdd1-flyctl-0.2.17"
        },
        "aarch64-linux": {
          "outputs": [
            {
              "name": "out",
              "path": "/nix/store/iky7whqlarwiqqhackvkhb7yar7rim2j-flyctl-0.2.17",
              "default": true
            }
          ],
          "store_path": "/nix/store/iky7whqlarwiqqhackvkhb7yar7rim2j-flyctl-0.2.17"
        },
        "x86_64-darwin": {
          "outputs": [
            {
              "name": "out",
              "path": "/nix/store/j2z2z4pa4x9n2l49n1x9p53mj82hasc8-flyctl-0.2.17",
              "default": true
            }
          ],
          "store_path": "/nix/store/j2z2z4pa4x9n2l49n1x9p53mj82hasc8-flyctl-0.2.17"
        },
        "x86_64-linux": {
          "outputs": [
            {
              "name": "out",
              "path": "/nix/store/d3lf65zyw9jxaw6y9bb9x83qprgnd88n-flyctl-0.2.17",
              "default": true
            }
          ],
          "store_path": "/nix/store/d3lf65zyw9jxaw6y9bb9x83qprgnd88n-flyctl-0.2.17"
        }
      }
    },
    "go@1.27.0": {
      "last_modified": "2026-08-20T07:12:19Z",
      "resolved": "github:NixOS/nixpkgs/391b592eb44808b3bd0cb80bb71b63a5a118b8bb#go_1_27",
      "source": "devbox-search",
      "version": "1.27.0",
      "systems": {
        "aarch64-darwin": {
          "outputs": [
            {
              "name": "out",
              "path": "/nix/store/yc80gss7r296qnsyqcpv4vh8lyqfzgql-go-1.27.0",
              "default": true
            }
          ],
          "store_path": "/nix/store/yc80gss7r296qnsyqcpv4vh8lyqfzgql-go-1.27.0"
        },
        "aarch64-linux": {
          "outputs": [
            {
              "name": "out",
              "path": "/nix/store/6ywlyfxa05qn37d5izyy5bkvmhi3p2gv-go-1.27.0",
              "default": true
            }
          ],
          "store_path": "/nix/store/6ywlyfxa05qn37d5izyy5bkvmhi3p2gv-go-1.27.0"
        },
        "x86_64-linux": {
          "outputs": [
            {
              "name": "out",
              "path": "/nix/store/9sz1nv010igaizprggzydbmybx8jm9ym-go-1.27.0",
              "default": true
            }
          ],
          "store_path": "/nix/store/9sz1nv010igaizprggzydbmybx8jm9ym-go-1.27.0"
        }
      }
    }
  }
}
