{
  "lockfile_version": "1",
  "packages": {
    "flyctl@0.4.87": {
      "last_modified": "2026-08-25T04:16:28Z",
      "resolved": "github:NixOS/nixpkgs/ac6b2166e7a9375683b8e98f860f273222337b16#flyctl",
      "source": "devbox-search",
      "version": "0.4.87",
      "systems": {
        "aarch64-darwin": {
          "outputs": [
            {
              "name": "out",
              "path": "/nix/store/q8mvj2bbslzf4phbfvg5kgqggfbq6jvk-flyctl-0.4.87",
              "default": true
            }
          ],
          "store_path": "/nix/store/q8mvj2bbslzf4phbfvg5kgqggfbq6jvk-flyctl-0.4.87"
        },
        "aarch64-linux": {
          "outputs": [
            {
              "name": "out",
              "path": "/nix/store/yf819k723imfw1rriwa5hn09rm8a7sc3-flyctl-0.4.87",
              "default": true
            }
          ],
          "store_path": "/nix/store/yf819k723imfw1rriwa5hn09rm8a7sc3-flyctl-0.4.87"
        },
        "x86_64-linux": {
          "outputs": [
            {
              "name": "out",
              "path": "/nix/store/b1l7v9pr04zvjrd9d7yy3lqjivfcsq0s-flyctl-0.4.87",
              "default": true
            }
          ],
          "store_path": "/nix/store/b1l7v9pr04zvjrd9d7yy3lqjivfcsq0s-flyctl-0.4.87"
        }
      }
    },
    "go@1.22.1": {
      "last_modified": "2024-03-08T13:51:52Z",
      "resolved": "github:NixOS/nixpkgs/a343533bccc62400e8a9560423486a3b6c11a23b#go_1_22",
      "source": "devbox-search",
      "version": "1.22.1",
      "systems": {
        "aarch64-darwin": {
          "outputs": [
            {
              "name": "out",
              "path": "/nix/store/k9srp8ngvblscg68fdpcyqkydh86429k-go-1.22.1",
              "default": true
            }
          ],
          "store_path": "/nix/store/k9srp8ngvblscg68fdpcyqkydh86429k-go-1.22.1"
        },
        "aarch64-linux": {
          "outputs": [
            {
              "name": "out",
              "path": "/nix/store/i604lwmgw1s8w3bdvsiz4332rx7fsb87-go-1.22.1",
              "default": true
            }
          ],
          "store_path": "/nix/store/i604lwmgw1s8w3bdvsiz4332rx7fsb87-go-1.22.1"
        },
        "x86_64-darwin": {
          "outputs": [
            {
              "name": "out",
              "path": "/nix/store/5dyp491ka5hx1g788dvnvadzk9kn92bp-go-1.22.1",
              "default": true
            }
          ],
          "store_path": "/nix/store/5dyp491ka5hx1g788dvnvadzk9kn92bp-go-1.22.1"
        },
        "x86_64-linux": {
          "outputs": [
            {
              "name": "out",
              "path": "/nix/store/wkbckbd30nlhq4dxzg64q6y4vm1xx4fk-go-1.22.1",
              "default": true
            }
          ],
          "store_path": "/nix/store/wkbckbd30nlhq4dxzg64q6y4vm1xx4fk-go-1.22.1"
        }
      }
    }
  }
}
