{
  "lockfile_version": "1",
  "packages": {
    "flyctl@0.2.17": {
      "last_modified": "2024-03-14T18:35:26Z",
      "resolved": "github:NixOS/nixpkgs/ca67f3cfc013e18fe95500840fb21ad748805fc6#flyctl",
      "source": "devbox-search",
      "version": "0.2.17",
      "systems": {
        "aarch64-darwin": {
          "outputs": [
            {
              "name": "out",
              "path": "/nix/store/vy626cm1x57k8h3ava7fbf9w204qjdd1-flyctl-0.2.17",
              "default": true
            }
          ],
          "store_path": "/nix/store/vy626cm1x57k8h3ava7fbf9w204qjdd1-flyctl-0.2.17"
        },
        "aarch64-linux": {
          "outputs": [
            {
              "name": "out",
              "path": "/nix/store/iky7whqlarwiqqhackvkhb7yar7rim2j-flyctl-0.2.17",
              "default": true
            }
          ],
          "store_path": "/nix/store/iky7whqlarwiqqhackvkhb7yar7rim2j-flyctl-0.2.17"
        },
        "x86_64-darwin": {
          "outputs": [
            {
              "name": "out",
              "path": "/nix/store/j2z2z4pa4x9n2l49n1x9p53mj82hasc8-flyctl-0.2.17",
              "default": true
            }
          ],
          "store_path": "/nix/store/j2z2z4pa4x9n2l49n1x9p53mj82hasc8-flyctl-0.2.17"
        },
        "x86_64-linux": {
          "outputs": [
            {
              "name": "out",
              "path": "/nix/store/d3lf65zyw9jxaw6y9bb9x83qprgnd88n-flyctl-0.2.17",
              "default": true
            }
          ],
          "store_path": "/nix/store/d3lf65zyw9jxaw6y9bb9x83qprgnd88n-flyctl-0.2.17"
        }
      }
    },
    "go@1.22.1": {
      "last_modified": "2024-03-08T13:51:52Z",
      "resolved": "github:NixOS/nixpkgs/a343533bccc62400e8a9560423486a3b6c11a23b#go_1_22",
      "source": "devbox-search",
      "version": "1.22.1",
      "systems": {
        "aarch64-darwin": {
          "outputs": [
            {
              "name": "out",
              "path": "/nix/store/k9srp8ngvblscg68fdpcyqkydh86429k-go-1.22.1",
              "default": true
            }
          ],
          "store_path": "/nix/store/k9srp8ngvblscg68fdpcyqkydh86429k-go-1.22.1"
        },
        "aarch64-linux": {
          "outputs": [
            {
              "name": "out",
              "path": "/nix/store/i604lwmgw1s8w3bdvsiz4332rx7fsb87-go-1.22.1",
              "default": true
            }
          ],
          "store_path": "/nix/store/i604lwmgw1s8w3bdvsiz4332rx7fsb87-go-1.22.1"
        },
        "x86_64-darwin": {
          "outputs": [
            {
              "name": "out",
              "path": "/nix/store/5dyp491ka5hx1g788dvnvadzk9kn92bp-go-1.22.1",
              "default": true
            }
          ],
          "store_path": "/nix/store/5dyp491ka5hx1g788dvnvadzk9kn92bp-go-1.22.1"
        },
        "x86_64-linux": {
          "outputs": [
            {
              "name": "out",
              "path": "/nix/store/wkbckbd30nlhq4dxzg64q6y4vm1xx4fk-go-1.22.1",
              "default": true
            }
          ],
          "store_path": "/nix/store/wkbckbd30nlhq4dxzg64q6y4vm1xx4fk-go-1.22.1"
        }
      }
    }
  }
}
